// !$*UTF8*$!
{
	archiveVersion = 1;
	classes = {
	};
	objectVersion = 50;
	objects = {

/* Begin PBXBuildFile section */
		AB0CA0BF267AE13F00C8B35E /* Tests_iOS.swift in Sources */ = {isa = PBXBuildFile; fileRef = AB0CA0BE267AE13F00C8B35E /* Tests_iOS.swift */; };
		AB0CA0CA267AE13F00C8B35E /* Tests_macOS.swift in Sources */ = {isa = PBXBuildFile; fileRef = AB0CA0C9267AE13F00C8B35E /* Tests_macOS.swift */; };
		AB0CA0CC267AE13F00C8B35E /* NoharaApp.swift in Sources */ = {isa = PBXBuildFile; fileRef = AB0CA0A3267AE13D00C8B35E /* NoharaApp.swift */; };
		AB0CA0CD267AE13F00C8B35E /* NoharaApp.swift in Sources */ = {isa = PBXBuildFile; fileRef = AB0CA0A3267AE13D00C8B35E /* NoharaApp.swift */; };
		AB0CA0CE267AE13F00C8B35E /* ContentView.swift in Sources */ = {isa = PBXBuildFile; fileRef = AB0CA0A4267AE13D00C8B35E /* ContentView.swift */; };
		AB0CA0CF267AE13F00C8B35E /* ContentView.swift in Sources */ = {isa = PBXBuildFile; fileRef = AB0CA0A4267AE13D00C8B35E /* ContentView.swift */; };
		AB0CA0D0267AE13F00C8B35E /* Assets.xcassets in Resources */ = {isa = PBXBuildFile; fileRef = AB0CA0A5267AE13F00C8B35E /* Assets.xcassets */; };
		AB0CA0D1267AE13F00C8B35E /* Assets.xcassets in Resources */ = {isa = PBXBuildFile; fileRef = AB0CA0A5267AE13F00C8B35E /* Assets.xcassets */; };
		AB0CA0E1267B0D3D00C8B35E /* CircleImage.swift in Sources */ = {isa = PBXBuildFile; fileRef = AB0CA0E0267B0D3D00C8B35E /* CircleImage.swift */; };
		AB0CA0E2267B0D3D00C8B35E /* CircleImage.swift in Sources */ = {isa = PBXBuildFile; fileRef = AB0CA0E0267B0D3D00C8B35E /* CircleImage.swift */; };
		AB0CA0E4267B0EB500C8B35E /* MapView.swift in Sources */ = {isa = PBXBuildFile; fileRef = AB0CA0E3267B0EB500C8B35E /* MapView.swift */; };
		AB0CA0E5267B0EB500C8B35E /* MapView.swift in Sources */ = {isa = PBXBuildFile; fileRef = AB0CA0E3267B0EB500C8B35E /* MapView.swift */; };
/* End PBXBuildFile section */

/* Begin PBXContainerItemProxy section */
		AB0CA0BB267AE13F00C8B35E /* PBXContainerItemProxy */ = {
			isa = PBXContainerItemProxy;
			containerPortal = AB0CA09E267AE13D00C8B35E /* Project object */;
			proxyType = 1;
			remoteGlobalIDString = AB0CA0A9267AE13F00C8B35E;
			remoteInfo = "Nohara (iOS)";
		};
		AB0CA0C6267AE13F00C8B35E /* PBXContainerItemProxy */ = {
			isa = PBXContainerItemProxy;
			containerPortal = AB0CA09E267AE13D00C8B35E /* Project object */;
			proxyType = 1;
			remoteGlobalIDString = AB0CA0B1267AE13F00C8B35E;
			remoteInfo = "Nohara (macOS)";
		};
/* End PBXContainerItemProxy section */

/* Begin PBXFileReference section */
		AB0CA0A3267AE13D00C8B35E /* NoharaApp.swift */ = {isa = PBXFileReference; lastKnownFileType = sourcecode.swift; path = NoharaApp.swift; sourceTree = "<group>"; };
		AB0CA0A4267AE13D00C8B35E /* ContentView.swift */ = {isa = PBXFileReference; lastKnownFileType = sourcecode.swift; path = ContentView.swift; sourceTree = "<group>"; };
		AB0CA0A5267AE13F00C8B35E /* Assets.xcassets */ = {isa = PBXFileReference; lastKnownFileType = folder.assetcatalog; path = Assets.xcassets; sourceTree = "<group>"; };
		AB0CA0AA267AE13F00C8B35E /* Nohara.app */ = {isa = PBXFileReference; explicitFileType = wrapper.application; includeInIndex = 0; path = Nohara.app; sourceTree = BUILT_PRODUCTS_DIR; };
		AB0CA0AD267AE13F00C8B35E /* Info.plist */ = {isa = PBXFileReference; lastKnownFileType = text.plist.xml; path = Info.plist; sourceTree = "<group>"; };
		AB0CA0B2267AE13F00C8B35E /* Nohara.app */ = {isa = PBXFileReference; explicitFileType = wrapper.application; includeInIndex = 0; path = Nohara.app; sourceTree = BUILT_PRODUCTS_DIR; };
		AB0CA0B4267AE13F00C8B35E /* Info.plist */ = {isa = PBXFileReference; lastKnownFileType = text.plist.xml; path = Info.plist; sourceTree = "<group>"; };
		AB0CA0B5267AE13F00C8B35E /* macOS.entitlements */ = {isa = PBXFileReference; lastKnownFileType = text.plist.entitlements; path = macOS.entitlements; sourceTree = "<group>"; };
		AB0CA0BA267AE13F00C8B35E /* Tests iOS.xctest */ = {isa = PBXFileReference; explicitFileType = wrapper.cfbundle; includeInIndex = 0; path = "Tests iOS.xctest"; sourceTree = BUILT_PRODUCTS_DIR; };
		AB0CA0BE267AE13F00C8B35E /* Tests_iOS.swift */ = {isa = PBXFileReference; lastKnownFileType = sourcecode.swift; path = Tests_iOS.swift; sourceTree = "<group>"; };
		AB0CA0C0267AE13F00C8B35E /* Info.plist */ = {isa = PBXFileReference; lastKnownFileType = text.plist.xml; path = Info.plist; sourceTree = "<group>"; };
		AB0CA0C5267AE13F00C8B35E /* Tests macOS.xctest */ = {isa = PBXFileReference; explicitFileType = wrapper.cfbundle; includeInIndex = 0; path = "Tests macOS.xctest"; sourceTree = BUILT_PRODUCTS_DIR; };
		AB0CA0C9267AE13F00C8B35E /* Tests_macOS.swift */ = {isa = PBXFileReference; lastKnownFileType = sourcecode.swift; path = Tests_macOS.swift; sourceTree = "<group>"; };
		AB0CA0CB267AE13F00C8B35E /* Info.plist */ = {isa = PBXFileReference; lastKnownFileType = text.plist.xml; path = Info.plist; sourceTree = "<group>"; };
		AB0CA0E0267B0D3D00C8B35E /* CircleImage.swift */ = {isa = PBXFileReference; lastKnownFileType = sourcecode.swift; path = CircleImage.swift; sourceTree = "<group>"; };
		AB0CA0E3267B0EB500C8B35E /* MapView.swift */ = {isa = PBXFileReference; lastKnownFileType = sourcecode.swift; path = MapView.swift; sourceTree = "<group>"; };
/* End PBXFileReference section */

/* Begin PBXFrameworksBuildPhase section */
		AB0CA0A7267AE13F00C8B35E /* Frameworks */ = {
			isa = PBXFrameworksBuildPhase;
			buildActionMask = 2147483647;
			files = (
			);
			runOnlyForDeploymentPostprocessing = 0;
		};
		AB0CA0AF267AE13F00C8B35E /* Frameworks */ = {
			isa = PBXFrameworksBuildPhase;
			buildActionMask = 2147483647;
			files = (
			);
			runOnlyForDeploymentPostprocessing = 0;
		};
		AB0CA0B7267AE13F00C8B35E /* Frameworks */ = {
			isa = PBXFrameworksBuildPhase;
			buildActionMask = 2147483647;
			files = (
			);
			runOnlyForDeploymentPostprocessing = 0;
		};
		AB0CA0C2267AE13F00C8B35E /* Frameworks */ = {
			isa = PBXFrameworksBuildPhase;
			buildActionMask = 2147483647;
			files = (
			);
			runOnlyForDeploymentPostprocessing = 0;
		};
/* End PBXFrameworksBuildPhase section */

/* Begin PBXGroup section */
		AB0CA09D267AE13D00C8B35E = {
			isa = PBXGroup;
			children = (
				AB0CA0A2267AE13D00C8B35E /* Shared */,
				AB0CA0AC267AE13F00C8B35E /* iOS */,
				AB0CA0B3267AE13F00C8B35E /* macOS */,
				AB0CA0BD267AE13F00C8B35E /* Tests iOS */,
				AB0CA0C8267AE13F00C8B35E /* Tests macOS */,
				AB0CA0AB267AE13F00C8B35E /* Products */,
			);
			sourceTree = "<group>";
		};
		AB0CA0A2267AE13D00C8B35E /* Shared */ = {
			isa = PBXGroup;
			children = (
				AB0CA0A3267AE13D00C8B35E /* NoharaApp.swift */,
				AB0CA0A4267AE13D00C8B35E /* ContentView.swift */,
				AB0CA0A5267AE13F00C8B35E /* Assets.xcassets */,
				AB0CA0E0267B0D3D00C8B35E /* CircleImage.swift */,
				AB0CA0E3267B0EB500C8B35E /* MapView.swift */,
			);
			path = Shared;
			sourceTree = "<group>";
		};
		AB0CA0AB267AE13F00C8B35E /* Products */ = {
			isa = PBXGroup;
			children = (
				AB0CA0AA267AE13F00C8B35E /* Nohara.app */,
				AB0CA0B2267AE13F00C8B35E /* Nohara.app */,
				AB0CA0BA267AE13F00C8B35E /* Tests iOS.xctest */,
				AB0CA0C5267AE13F00C8B35E /* Tests macOS.xctest */,
			);
			name = Products;
			sourceTree = "<group>";
		};
		AB0CA0AC267AE13F00C8B35E /* iOS */ = {
			isa = PBXGroup;
			children = (
				AB0CA0AD267AE13F00C8B35E /* Info.plist */,
			);
			path = iOS;
			sourceTree = "<group>";
		};
		AB0CA0B3267AE13F00C8B35E /* macOS */ = {
			isa = PBXGroup;
			children = (
				AB0CA0B4267AE13F00C8B35E /* Info.plist */,
				AB0CA0B5267AE13F00C8B35E /* macOS.entitlements */,
			);
			path = macOS;
			sourceTree = "<group>";
		};
		AB0CA0BD267AE13F00C8B35E /* Tests iOS */ = {
			isa = PBXGroup;
			children = (
				AB0CA0BE267AE13F00C8B35E /* Tests_iOS.swift */,
				AB0CA0C0267AE13F00C8B35E /* Info.plist */,
			);
			path = "Tests iOS";
			sourceTree = "<group>";
		};
		AB0CA0C8267AE13F00C8B35E /* Tests macOS */ = {
			isa = PBXGroup;
			children = (
				AB0CA0C9267AE13F00C8B35E /* Tests_macOS.swift */,
				AB0CA0CB267AE13F00C8B35E /* Info.plist */,
			);
			path = "Tests macOS";
			sourceTree = "<group>";
		};
/* End PBXGroup section */

/* Begin PBXNativeTarget section */
		AB0CA0A9267AE13F00C8B35E /* Nohara (iOS) */ = {
			isa = PBXNativeTarget;
			buildConfigurationList = AB0CA0D4267AE13F00C8B35E /* Build configuration list for PBXNativeTarget "Nohara (iOS)" */;
			buildPhases = (
				AB0CA0A6267AE13F00C8B35E /* Sources */,
				AB0CA0A7267AE13F00C8B35E /* Frameworks */,
				AB0CA0A8267AE13F00C8B35E /* Resources */,
			);
			buildRules = (
			);
			dependencies = (
			);
			name = "Nohara (iOS)";
			productName = "Nohara (iOS)";
			productReference = AB0CA0AA267AE13F00C8B35E /* Nohara.app */;
			productType = "com.apple.product-type.application";
		};
		AB0CA0B1267AE13F00C8B35E /* Nohara (macOS) */ = {
			isa = PBXNativeTarget;
			buildConfigurationList = AB0CA0D7267AE13F00C8B35E /* Build configuration list for PBXNativeTarget "Nohara (macOS)" */;
			buildPhases = (
				AB0CA0AE267AE13F00C8B35E /* Sources */,
				AB0CA0AF267AE13F00C8B35E /* Frameworks */,
				AB0CA0B0267AE13F00C8B35E /* Resources */,
			);
			buildRules = (
			);
			dependencies = (
			);
			name = "Nohara (macOS)";
			productName = "Nohara (macOS)";
			productReference = AB0CA0B2267AE13F00C8B35E /* Nohara.app */;
			productType = "com.apple.product-type.application";
		};
		AB0CA0B9267AE13F00C8B35E /* Tests iOS */ = {
			isa = PBXNativeTarget;
			buildConfigurationList = AB0CA0DA267AE13F00C8B35E /* Build configuration list for PBXNativeTarget "Tests iOS" */;
			buildPhases = (
				AB0CA0B6267AE13F00C8B35E /* Sources */,
				AB0CA0B7267AE13F00C8B35E /* Frameworks */,
				AB0CA0B8267AE13F00C8B35E /* Resources */,
			);
			buildRules = (
			);
			dependencies = (
				AB0CA0BC267AE13F00C8B35E /* PBXTargetDependency */,
			);
			name = "Tests iOS";
			productName = "Tests iOS";
			productReference = AB0CA0BA267AE13F00C8B35E /* Tests iOS.xctest */;
			productType = "com.apple.product-type.bundle.ui-testing";
		};
		AB0CA0C4267AE13F00C8B35E /* Tests macOS */ = {
			isa = PBXNativeTarget;
			buildConfigurationList = AB0CA0DD267AE13F00C8B35E /* Build configuration list for PBXNativeTarget "Tests macOS" */;
			buildPhases = (
				AB0CA0C1267AE13F00C8B35E /* Sources */,
				AB0CA0C2267AE13F00C8B35E /* Frameworks */,
				AB0CA0C3267AE13F00C8B35E /* Resources */,
			);
			buildRules = (
			);
			dependencies = (
				AB0CA0C7267AE13F00C8B35E /* PBXTargetDependency */,
			);
			name = "Tests macOS";
			productName = "Tests macOS";
			productReference = AB0CA0C5267AE13F00C8B35E /* Tests macOS.xctest */;
			productType = "com.apple.product-type.bundle.ui-testing";
		};
/* End PBXNativeTarget section */

/* Begin PBXProject section */
		AB0CA09E267AE13D00C8B35E /* Project object */ = {
			isa = PBXProject;
			attributes = {
				LastSwiftUpdateCheck = 1250;
				LastUpgradeCheck = 1250;
				TargetAttributes = {
					AB0CA0A9267AE13F00C8B35E = {
						CreatedOnToolsVersion = 12.5;
					};
					AB0CA0B1267AE13F00C8B35E = {
						CreatedOnToolsVersion = 12.5;
					};
					AB0CA0B9267AE13F00C8B35E = {
						CreatedOnToolsVersion = 12.5;
						TestTargetID = AB0CA0A9267AE13F00C8B35E;
					};
					AB0CA0C4267AE13F00C8B35E = {
						CreatedOnToolsVersion = 12.5;
						TestTargetID = AB0CA0B1267AE13F00C8B35E;
					};
				};
			};
			buildConfigurationList = AB0CA0A1267AE13D00C8B35E /* Build configuration list for PBXProject "Nohara" */;
			compatibilityVersion = "Xcode 9.3";
			developmentRegion = en;
			hasScannedForEncodings = 0;
			knownRegions = (
				en,
				Base,
			);
			mainGroup = AB0CA09D267AE13D00C8B35E;
			productRefGroup = AB0CA0AB267AE13F00C8B35E /* Products */;
			projectDirPath = "";
			projectRoot = "";
			targets = (
				AB0CA0A9267AE13F00C8B35E /* Nohara (iOS) */,
				AB0CA0B1267AE13F00C8B35E /* Nohara (macOS) */,
				AB0CA0B9267AE13F00C8B35E /* Tests iOS */,
				AB0CA0C4267AE13F00C8B35E /* Tests macOS */,
			);
		};
/* End PBXProject section */

/* Begin PBXResourcesBuildPhase section */
		AB0CA0A8267AE13F00C8B35E /* Resources */ = {
			isa = PBXResourcesBuildPhase;
			buildActionMask = 2147483647;
			files = (
				AB0CA0D0267AE13F00C8B35E /* Assets.xcassets in Resources */,
			);
			runOnlyForDeploymentPostprocessing = 0;
		};
		AB0CA0B0267AE13F00C8B35E /* Resources */ = {
			isa = PBXResourcesBuildPhase;
			buildActionMask = 2147483647;
			files = (
				AB0CA0D1267AE13F00C8B35E /* Assets.xcassets in Resources */,
			);
			runOnlyForDeploymentPostprocessing = 0;
		};
		AB0CA0B8267AE13F00C8B35E /* Resources */ = {
			isa = PBXResourcesBuildPhase;
			buildActionMask = 2147483647;
			files = (
			);
			runOnlyForDeploymentPostprocessing = 0;
		};
		AB0CA0C3267AE13F00C8B35E /* Resources */ = {
			isa = PBXResourcesBuildPhase;
			buildActionMask = 2147483647;
			files = (
			);
			runOnlyForDeploymentPostprocessing = 0;
		};
/* End PBXResourcesBuildPhase section */

/* Begin PBXSourcesBuildPhase section */
		AB0CA0A6267AE13F00C8B35E /* Sources */ = {
			isa = PBXSourcesBuildPhase;
			buildActionMask = 2147483647;
			files = (
				AB0CA0CE267AE13F00C8B35E /* ContentView.swift in Sources */,
				AB0CA0E4267B0EB500C8B35E /* MapView.swift in Sources */,
				AB0CA0CC267AE13F00C8B35E /* NoharaApp.swift in Sources */,
				AB0CA0E1267B0D3D00C8B35E /* CircleImage.swift in Sources */,
			);
			runOnlyForDeploymentPostprocessing = 0;
		};
		AB0CA0AE267AE13F00C8B35E /* Sources */ = {
			isa = PBXSourcesBuildPhase;
			buildActionMask = 2147483647;
			files = (
				AB0CA0CF267AE13F00C8B35E /* ContentView.swift in Sources */,
				AB0CA0E5267B0EB500C8B35E /* MapView.swift in Sources */,
				AB0CA0CD267AE13F00C8B35E /* NoharaApp.swift in Sources */,
				AB0CA0E2267B0D3D00C8B35E /* CircleImage.swift in Sources */,
			);
			runOnlyForDeploymentPostprocessing = 0;
		};
		AB0CA0B6267AE13F00C8B35E /* Sources */ = {
			isa = PBXSourcesBuildPhase;
			buildActionMask = 2147483647;
			files = (
				AB0CA0BF267AE13F00C8B35E /* Tests_iOS.swift in Sources */,
			);
			runOnlyForDeploymentPostprocessing = 0;
		};
		AB0CA0C1267AE13F00C8B35E /* Sources */ = {
			isa = PBXSourcesBuildPhase;
			buildActionMask = 2147483647;
			files = (
				AB0CA0CA267AE13F00C8B35E /* Tests_macOS.swift in Sources */,
			);
			runOnlyForDeploymentPostprocessing = 0;
		};
/* End PBXSourcesBuildPhase section */

/* Begin PBXTargetDependency section */
		AB0CA0BC267AE13F00C8B35E /* PBXTargetDependency */ = {
			isa = PBXTargetDependency;
			target = AB0CA0A9267AE13F00C8B35E /* Nohara (iOS) */;
			targetProxy = AB0CA0BB267AE13F00C8B35E /* PBXContainerItemProxy */;
		};
		AB0CA0C7267AE13F00C8B35E /* PBXTargetDependency */ = {
			isa = PBXTargetDependency;
			target = AB0CA0B1267AE13F00C8B35E /* Nohara (macOS) */;
			targetProxy = AB0CA0C6267AE13F00C8B35E /* PBXContainerItemProxy */;
		};
/* End PBXTargetDependency section */

/* Begin XCBuildConfiguration section */
		AB0CA0D2267AE13F00C8B35E /* Debug */ = {
			isa = XCBuildConfiguration;
			buildSettings = {
				ALWAYS_SEARCH_USER_PATHS = NO;
				CLANG_ANALYZER_NONNULL = YES;
				CLANG_ANALYZER_NUMBER_OBJECT_CONVERSION = YES_AGGRESSIVE;
				CLANG_CXX_LANGUAGE_STANDARD = "gnu++14";
				CLANG_CXX_LIBRARY = "libc++";
				CLANG_ENABLE_MODULES = YES;
				CLANG_ENABLE_OBJC_ARC = YES;
				CLANG_ENABLE_OBJC_WEAK = YES;
				CLANG_WARN_BLOCK_CAPTURE_AUTORELEASING = YES;
				CLANG_WARN_BOOL_CONVERSION = YES;
				CLANG_WARN_COMMA = YES;
				CLANG_WARN_CONSTANT_CONVERSION = YES;
				CLANG_WARN_DEPRECATED_OBJC_IMPLEMENTATIONS = YES;
				CLANG_WARN_DIRECT_OBJC_ISA_USAGE = YES_ERROR;
				CLANG_WARN_DOCUMENTATION_COMMENTS = YES;
				CLANG_WARN_EMPTY_BODY = YES;
				CLANG_WARN_ENUM_CONVERSION = YES;
				CLANG_WARN_INFINITE_RECURSION = YES;
				CLANG_WARN_INT_CONVERSION = YES;
				CLANG_WARN_NON_LITERAL_NULL_CONVERSION = YES;
				CLANG_WARN_OBJC_IMPLICIT_RETAIN_SELF = YES;
				CLANG_WARN_OBJC_LITERAL_CONVERSION = YES;
				CLANG_WARN_OBJC_ROOT_CLASS = YES_ERROR;
				CLANG_WARN_QUOTED_INCLUDE_IN_FRAMEWORK_HEADER = YES;
				CLANG_WARN_RANGE_LOOP_ANALYSIS = YES;
				CLANG_WARN_STRICT_PROTOTYPES = YES;
				CLANG_WARN_SUSPICIOUS_MOVE = YES;
				CLANG_WARN_UNGUARDED_AVAILABILITY = YES_AGGRESSIVE;
				CLANG_WARN_UNREACHABLE_CODE = YES;
				CLANG_WARN__DUPLICATE_METHOD_MATCH = YES;
				COPY_PHASE_STRIP = NO;
				DEBUG_INFORMATION_FORMAT = dwarf;
				ENABLE_STRICT_OBJC_MSGSEND = YES;
				ENABLE_TESTABILITY = YES;
				GCC_C_LANGUAGE_STANDARD = gnu11;
				GCC_DYNAMIC_NO_PIC = NO;
				GCC_NO_COMMON_BLOCKS = YES;
				GCC_OPTIMIZATION_LEVEL = 0;
				GCC_PREPROCESSOR_DEFINITIONS = (
					"DEBUG=1",
					"$(inherited)",
				);
				GCC_WARN_64_TO_32_BIT_CONVERSION = YES;
				GCC_WARN_ABOUT_RETURN_TYPE = YES_ERROR;
				GCC_WARN_UNDECLARED_SELECTOR = YES;
				GCC_WARN_UNINITIALIZED_AUTOS = YES_AGGRESSIVE;
				GCC_WARN_UNUSED_FUNCTION = YES;
				GCC_WARN_UNUSED_VARIABLE = YES;
				MTL_ENABLE_DEBUG_INFO = INCLUDE_SOURCE;
				MTL_FAST_MATH = YES;
				ONLY_ACTIVE_ARCH = YES;
				SWIFT_ACTIVE_COMPILATION_CONDITIONS = DEBUG;
				SWIFT_OPTIMIZATION_LEVEL = "-Onone";
			};
			name = Debug;
		};
		AB0CA0D3267AE13F00C8B35E /* Release */ = {
			isa = XCBuildConfiguration;
			buildSettings = {
				ALWAYS_SEARCH_USER_PATHS = NO;
				CLANG_ANALYZER_NONNULL = YES;
				CLANG_ANALYZER_NUMBER_OBJECT_CONVERSION = YES_AGGRESSIVE;
				CLANG_CXX_LANGUAGE_STANDARD = "gnu++14";
				CLANG_CXX_LIBRARY = "libc++";
				CLANG_ENABLE_MODULES = YES;
				CLANG_ENABLE_OBJC_ARC = YES;
				CLANG_ENABLE_OBJC_WEAK = YES;
				CLANG_WARN_BLOCK_CAPTURE_AUTORELEASING = YES;
				CLANG_WARN_BOOL_CONVERSION = YES;
				CLANG_WARN_COMMA = YES;
				CLANG_WARN_CONSTANT_CONVERSION = YES;
				CLANG_WARN_DEPRECATED_OBJC_IMPLEMENTATIONS = YES;
				CLANG_WARN_DIRECT_OBJC_ISA_USAGE = YES_ERROR;
				CLANG_WARN_DOCUMENTATION_COMMENTS = YES;
				CLANG_WARN_EMPTY_BODY = YES;
				CLANG_WARN_ENUM_CONVERSION = YES;
				CLANG_WARN_INFINITE_RECURSION = YES;
				CLANG_WARN_INT_CONVERSION = YES;
				CLANG_WARN_NON_LITERAL_NULL_CONVERSION = YES;
				CLANG_WARN_OBJC_IMPLICIT_RETAIN_SELF = YES;
				CLANG_WARN_OBJC_LITERAL_CONVERSION = YES;
				CLANG_WARN_OBJC_ROOT_CLASS = YES_ERROR;
				CLANG_WARN_QUOTED_INCLUDE_IN_FRAMEWORK_HEADER = YES;
				CLANG_WARN_RANGE_LOOP_ANALYSIS = YES;
				CLANG_WARN_STRICT_PROTOTYPES = YES;
				CLANG_WARN_SUSPICIOUS_MOVE = YES;
				CLANG_WARN_UNGUARDED_AVAILABILITY = YES_AGGRESSIVE;
				CLANG_WARN_UNREACHABLE_CODE = YES;
				CLANG_WARN__DUPLICATE_METHOD_MATCH = YES;
				COPY_PHASE_STRIP = NO;
				DEBUG_INFORMATION_FORMAT = "dwarf-with-dsym";
				ENABLE_NS_ASSERTIONS = NO;
				ENABLE_STRICT_OBJC_MSGSEND = YES;
				GCC_C_LANGUAGE_STANDARD = gnu11;
				GCC_NO_COMMON_BLOCKS = YES;
				GCC_WARN_64_TO_32_BIT_CONVERSION = YES;
				GCC_WARN_ABOUT_RETURN_TYPE = YES_ERROR;
				GCC_WARN_UNDECLARED_SELECTOR = YES;
				GCC_WARN_UNINITIALIZED_AUTOS = YES_AGGRESSIVE;
				GCC_WARN_UNUSED_FUNCTION = YES;
				GCC_WARN_UNUSED_VARIABLE = YES;
				MTL_ENABLE_DEBUG_INFO = NO;
				MTL_FAST_MATH = YES;
				SWIFT_COMPILATION_MODE = wholemodule;
				SWIFT_OPTIMIZATION_LEVEL = "-O";
			};
			name = Release;
		};
		AB0CA0D5267AE13F00C8B35E /* Debug */ = {
			isa = XCBuildConfiguration;
			buildSettings = {
				ASSETCATALOG_COMPILER_APPICON_NAME = AppIcon;
				ASSETCATALOG_COMPILER_GLOBAL_ACCENT_COLOR_NAME = AccentColor;
				CODE_SIGN_STYLE = Automatic;
				ENABLE_PREVIEWS = YES;
				INFOPLIST_FILE = iOS/Info.plist;
				IPHONEOS_DEPLOYMENT_TARGET = 14.0;
				LD_RUNPATH_SEARCH_PATHS = (
					"$(inherited)",
					"@executable_path/Frameworks",
				);
				PRODUCT_BUNDLE_IDENTIFIER = nohara.Nohara;
				PRODUCT_NAME = Nohara;
				SDKROOT = iphoneos;
				SWIFT_VERSION = 5.0;
				TARGETED_DEVICE_FAMILY = "1,2";
			};
			name = Debug;
		};
		AB0CA0D6267AE13F00C8B35E /* Release */ = {
			isa = XCBuildConfiguration;
			buildSettings = {
				ASSETCATALOG_COMPILER_APPICON_NAME = AppIcon;
				ASSETCATALOG_COMPILER_GLOBAL_ACCENT_COLOR_NAME = AccentColor;
				CODE_SIGN_STYLE = Automatic;
				ENABLE_PREVIEWS = YES;
				INFOPLIST_FILE = iOS/Info.plist;
				IPHONEOS_DEPLOYMENT_TARGET = 14.0;
				LD_RUNPATH_SEARCH_PATHS = (
					"$(inherited)",
					"@executable_path/Frameworks",
				);
				PRODUCT_BUNDLE_IDENTIFIER = nohara.Nohara;
				PRODUCT_NAME = Nohara;
				SDKROOT = iphoneos;
				SWIFT_VERSION = 5.0;
				TARGETED_DEVICE_FAMILY = "1,2";
				VALIDATE_PRODUCT = YES;
			};
			name = Release;
		};
		AB0CA0D8267AE13F00C8B35E /* Debug */ = {
			isa = XCBuildConfiguration;
			buildSettings = {
				ASSETCATALOG_COMPILER_APPICON_NAME = AppIcon;
				ASSETCATALOG_COMPILER_GLOBAL_ACCENT_COLOR_NAME = AccentColor;
				CODE_SIGN_ENTITLEMENTS = macOS/macOS.entitlements;
				CODE_SIGN_STYLE = Automatic;
				COMBINE_HIDPI_IMAGES = YES;
				ENABLE_PREVIEWS = YES;
				INFOPLIST_FILE = macOS/Info.plist;
				LD_RUNPATH_SEARCH_PATHS = (
					"$(inherited)",
					"@executable_path/../Frameworks",
				);
				MACOSX_DEPLOYMENT_TARGET = 11.0;
				PRODUCT_BUNDLE_IDENTIFIER = nohara.Nohara;
				PRODUCT_NAME = Nohara;
				SDKROOT = macosx;
				SWIFT_VERSION = 5.0;
			};
			name = Debug;
		};
		AB0CA0D9267AE13F00C8B35E /* Release */ = {
			isa = XCBuildConfiguration;
			buildSettings = {
				ASSETCATALOG_COMPILER_APPICON_NAME = AppIcon;
				ASSETCATALOG_COMPILER_GLOBAL_ACCENT_COLOR_NAME = AccentColor;
				CODE_SIGN_ENTITLEMENTS = macOS/macOS.entitlements;
				CODE_SIGN_STYLE = Automatic;
				COMBINE_HIDPI_IMAGES = YES;
				ENABLE_PREVIEWS = YES;
				INFOPLIST_FILE = macOS/Info.plist;
				LD_RUNPATH_SEARCH_PATHS = (
					"$(inherited)",
					"@executable_path/../Frameworks",
				);
				MACOSX_DEPLOYMENT_TARGET = 11.0;
				PRODUCT_BUNDLE_IDENTIFIER = nohara.Nohara;
				PRODUCT_NAME = Nohara;
				SDKROOT = macosx;
				SWIFT_VERSION = 5.0;
			};
			name = Release;
		};
		AB0CA0DB267AE13F00C8B35E /* Debug */ = {
			isa = XCBuildConfiguration;
			buildSettings = {
				ALWAYS_EMBED_SWIFT_STANDARD_LIBRARIES = YES;
				CODE_SIGN_STYLE = Automatic;
				INFOPLIST_FILE = "Tests iOS/Info.plist";
				IPHONEOS_DEPLOYMENT_TARGET = 14.5;
				LD_RUNPATH_SEARCH_PATHS = (
					"$(inherited)",
					"@executable_path/Frameworks",
					"@loader_path/Frameworks",
				);
				PRODUCT_BUNDLE_IDENTIFIER = "nohara.Tests-iOS";
				PRODUCT_NAME = "$(TARGET_NAME)";
				SDKROOT = iphoneos;
				SWIFT_VERSION = 5.0;
				TARGETED_DEVICE_FAMILY = "1,2";
				TEST_TARGET_NAME = "Nohara (iOS)";
			};
			name = Debug;
		};
		AB0CA0DC267AE13F00C8B35E /* Release */ = {
			isa = XCBuildConfiguration;
			buildSettings = {
				ALWAYS_EMBED_SWIFT_STANDARD_LIBRARIES = YES;
				CODE_SIGN_STYLE = Automatic;
				INFOPLIST_FILE = "Tests iOS/Info.plist";
				IPHONEOS_DEPLOYMENT_TARGET = 14.5;
				LD_RUNPATH_SEARCH_PATHS = (
					"$(inherited)",
					"@executable_path/Frameworks",
					"@loader_path/Frameworks",
				);
				PRODUCT_BUNDLE_IDENTIFIER = "nohara.Tests-iOS";
				PRODUCT_NAME = "$(TARGET_NAME)";
				SDKROOT = iphoneos;
				SWIFT_VERSION = 5.0;
				TARGETED_DEVICE_FAMILY = "1,2";
				TEST_TARGET_NAME = "Nohara (iOS)";
				VALIDATE_PRODUCT = YES;
			};
			name = Release;
		};
		AB0CA0DE267AE13F00C8B35E /* Debug */ = {
			isa = XCBuildConfiguration;
			buildSettings = {
				ALWAYS_EMBED_SWIFT_STANDARD_LIBRARIES = YES;
				CODE_SIGN_STYLE = Automatic;
				COMBINE_HIDPI_IMAGES = YES;
				INFOPLIST_FILE = "Tests macOS/Info.plist";
				LD_RUNPATH_SEARCH_PATHS = (
					"$(inherited)",
					"@executable_path/../Frameworks",
					"@loader_path/../Frameworks",
				);
				MACOSX_DEPLOYMENT_TARGET = 11.3;
				PRODUCT_BUNDLE_IDENTIFIER = "nohara.Tests-macOS";
				PRODUCT_NAME = "$(TARGET_NAME)";
				SDKROOT = macosx;
				SWIFT_VERSION = 5.0;
				TEST_TARGET_NAME = "Nohara (macOS)";
			};
			name = Debug;
		};
		AB0CA0DF267AE13F00C8B35E /* Release */ = {
			isa = XCBuildConfiguration;
			buildSettings = {
				ALWAYS_EMBED_SWIFT_STANDARD_LIBRARIES = YES;
				CODE_SIGN_STYLE = Automatic;
				COMBINE_HIDPI_IMAGES = YES;
				INFOPLIST_FILE = "Tests macOS/Info.plist";
				LD_RUNPATH_SEARCH_PATHS = (
					"$(inherited)",
					"@executable_path/../Frameworks",
					"@loader_path/../Frameworks",
				);
				MACOSX_DEPLOYMENT_TARGET = 11.3;
				PRODUCT_BUNDLE_IDENTIFIER = "nohara.Tests-macOS";
				PRODUCT_NAME = "$(TARGET_NAME)";
				SDKROOT = macosx;
				SWIFT_VERSION = 5.0;
				TEST_TARGET_NAME = "Nohara (macOS)";
			};
			name = Release;
		};
/* End XCBuildConfiguration section */

/* Begin XCConfigurationList section */
		AB0CA0A1267AE13D00C8B35E /* Build configuration list for PBXProject "Nohara" */ = {
			isa = XCConfigurationList;
			buildConfigurations = (
				AB0CA0D2267AE13F00C8B35E /* Debug */,
				AB0CA0D3267AE13F00C8B35E /* Release */,
			);
			defaultConfigurationIsVisible = 0;
			defaultConfigurationName = Release;
		};
		AB0CA0D4267AE13F00C8B35E /* Build configuration list for PBXNativeTarget "Nohara (iOS)" */ = {
			isa = XCConfigurationList;
			buildConfigurations = (
				AB0CA0D5267AE13F00C8B35E /* Debug */,
				AB0CA0D6267AE13F00C8B35E /* Release */,
			);
			defaultConfigurationIsVisible = 0;
			defaultConfigurationName = Release;
		};
		AB0CA0D7267AE13F00C8B35E /* Build configuration list for PBXNativeTarget "Nohara (macOS)" */ = {
			isa = XCConfigurationList;
			buildConfigurations = (
				AB0CA0D8267AE13F00C8B35E /* Debug */,
				AB0CA0D9267AE13F00C8B35E /* Release */,
			);
			defaultConfigurationIsVisible = 0;
			defaultConfigurationName = Release;
		};
		AB0CA0DA267AE13F00C8B35E /* Build configuration list for PBXNativeTarget "Tests iOS" */ = {
			isa = XCConfigurationList;
			buildConfigurations = (
				AB0CA0DB267AE13F00C8B35E /* Debug */,
				AB0CA0DC267AE13F00C8B35E /* Release */,
			);
			defaultConfigurationIsVisible = 0;
			defaultConfigurationName = Release;
		};
		AB0CA0DD267AE13F00C8B35E /* Build configuration list for PBXNativeTarget "Tests macOS" */ = {
			isa = XCConfigurationList;
			buildConfigurations = (
				AB0CA0DE267AE13F00C8B35E /* Debug */,
				AB0CA0DF267AE13F00C8B35E /* Release */,
			);
			defaultConfigurationIsVisible = 0;
			defaultConfigurationName = Release;
		};
/* End XCConfigurationList section */
	};
	rootObject = AB0CA09E267AE13D00C8B35E /* Project object */;
}
